// !$*UTF8*$!
{
	archiveVersion = 1;
	classes = {
	};
	objectVersion = 77;
	objects = {

/* Begin PBXContainerItemProxy section */
		CE7AB8002CA1BEF9005DB32B /* PBXContainerItemProxy */ = {
			isa = PBXContainerItemProxy;
			containerPortal = CE7AB7E72CA1BEF8005DB32B /* Project object */;
			proxyType = 1;
			remoteGlobalIDString = CE7AB7EE2CA1BEF8005DB32B;
			remoteInfo = kaizenFitnessForiPhone;
		};
		CE7AB80A2CA1BEF9005DB32B /* PBXContainerItemProxy */ = {
			isa = PBXContainerItemProxy;
			containerPortal = CE7AB7E72CA1BEF8005DB32B /* Project object */;
			proxyType = 1;
			remoteGlobalIDString = CE7AB7EE2CA1BEF8005DB32B;
			remoteInfo = kaizenFitnessForiPhone;
		};
/* End PBXContainerItemProxy section */

/* Begin PBXFileReference section */
		CE7AB7EF2CA1BEF8005DB32B /* kaizenFitnessForiPhone.app */ = {isa = PBXFileReference; explicitFileType = wrapper.application; includeInIndex = 0; path = kaizenFitnessForiPhone.app; sourceTree = BUILT_PRODUCTS_DIR; };
		CE7AB7FF2CA1BEF9005DB32B /* kaizenFitnessForiPhoneTests.xctest */ = {isa = PBXFileReference; explicitFileType = wrapper.cfbundle; includeInIndex = 0; path = kaizenFitnessForiPhoneTests.xctest; sourceTree = BUILT_PRODUCTS_DIR; };
		CE7AB8092CA1BEF9005DB32B /* kaizenFitnessForiPhoneUITests.xctest */ = {isa = PBXFileReference; explicitFileType = wrapper.cfbundle; includeInIndex = 0; path = kaizenFitnessForiPhoneUITests.xctest; sourceTree = BUILT_PRODUCTS_DIR; };
/* End PBXFileReference section */

/* Begin PBXFileSystemSynchronizedRootGroup section */
		CE7AB7F12CA1BEF8005DB32B /* kaizenFitnessForiPhone */ = {
			isa = PBXFileSystemSynchronizedRootGroup;
			path = kaizenFitnessForiPhone;
			sourceTree = "<group>";
		};
		CE7AB8022CA1BEF9005DB32B /* kaizenFitnessForiPhoneTests */ = {
			isa = PBXFileSystemSynchronizedRootGroup;
			path = kaizenFitnessForiPhoneTests;
			sourceTree = "<group>";
		};
		CE7AB80C2CA1BEF9005DB32B /* kaizenFitnessForiPhoneUITests */ = {
			isa = PBXFileSystemSynchronizedRootGroup;
			path = kaizenFitnessForiPhoneUITests;
			sourceTree = "<group>";
		};
/* End PBXFileSystemSynchronizedRootGroup section */

/* Begin PBXFrameworksBuildPhase section */
		CE7AB7EC2CA1BEF8005DB32B /* Frameworks */ = {
			isa = PBXFrameworksBuildPhase;
			buildActionMask = 2147483647;
			files = (
			);
			runOnlyForDeploymentPostprocessing = 0;
		};
		CE7AB7FC2CA1BEF9005DB32B /* Frameworks */ = {
			isa = PBXFrameworksBuildPhase;
			buildActionMask = 2147483647;
			files = (
			);
			runOnlyForDeploymentPostprocessing = 0;
		};
		CE7AB8062CA1BEF9005DB32B /* Frameworks */ = {
			isa = PBXFrameworksBuildPhase;
			buildActionMask = 2147483647;
			files = (
			);
			runOnlyForDeploymentPostprocessing = 0;
		};
/* End PBXFrameworksBuildPhase section */

/* Begin PBXGroup section */
		CE7AB7E62CA1BEF8005DB32B = {
			isa = PBXGroup;
			children = (
				CE7AB7F12CA1BEF8005DB32B /* kaizenFitnessForiPhone */,
				CE7AB8022CA1BEF9005DB32B /* kaizenFitnessForiPhoneTests */,
				CE7AB80C2CA1BEF9005DB32B /* kaizenFitnessForiPhoneUITests */,
				CE7AB7F02CA1BEF8005DB32B /* Products */,
			);
			sourceTree = "<group>";
		};
		CE7AB7F02CA1BEF8005DB32B /* Products */ = {
			isa = PBXGroup;
			children = (
				CE7AB7EF2CA1BEF8005DB32B /* kaizenFitnessForiPhone.app */,
				CE7AB7FF2CA1BEF9005DB32B /* kaizenFitnessForiPhoneTests.xctest */,
				CE7AB8092CA1BEF9005DB32B /* kaizenFitnessForiPhoneUITests.xctest */,
			);
			name = Products;
			sourceTree = "<group>";
		};
/* End PBXGroup section */

/* Begin PBXNativeTarget section */
		CE7AB7EE2CA1BEF8005DB32B /* kaizenFitnessForiPhone */ = {
			isa = PBXNativeTarget;
			buildConfigurationList = CE7AB8132CA1BEF9005DB32B /* Build configuration list for PBXNativeTarget "kaizenFitnessForiPhone" */;
			buildPhases = (
				CE7AB7EB2CA1BEF8005DB32B /* Sources */,
				CE7AB7EC2CA1BEF8005DB32B /* Frameworks */,
				CE7AB7ED2CA1BEF8005DB32B /* Resources */,
			);
			buildRules = (
			);
			dependencies = (
			);
			fileSystemSynchronizedGroups = (
				CE7AB7F12CA1BEF8005DB32B /* kaizenFitnessForiPhone */,
			);
			name = kaizenFitnessForiPhone;
			packageProductDependencies = (
			);
			productName = kaizenFitnessForiPhone;
			productReference = CE7AB7EF2CA1BEF8005DB32B /* kaizenFitnessForiPhone.app */;
			productType = "com.apple.product-type.application";
		};
		CE7AB7FE2CA1BEF9005DB32B /* kaizenFitnessForiPhoneTests */ = {
			isa = PBXNativeTarget;
			buildConfigurationList = CE7AB8162CA1BEF9005DB32B /* Build configuration list for PBXNativeTarget "kaizenFitnessForiPhoneTests" */;
			buildPhases = (
				CE7AB7FB2CA1BEF9005DB32B /* Sources */,
				CE7AB7FC2CA1BEF9005DB32B /* Frameworks */,
				CE7AB7FD2CA1BEF9005DB32B /* Resources */,
			);
			buildRules = (
			);
			dependencies = (
				CE7AB8012CA1BEF9005DB32B /* PBXTargetDependency */,
			);
			fileSystemSynchronizedGroups = (
				CE7AB8022CA1BEF9005DB32B /* kaizenFitnessForiPhoneTests */,
			);
			name = kaizenFitnessForiPhoneTests;
			packageProductDependencies = (
			);
			productName = kaizenFitnessForiPhoneTests;
			productReference = CE7AB7FF2CA1BEF9005DB32B /* kaizenFitnessForiPhoneTests.xctest */;
			productType = "com.apple.product-type.bundle.unit-test";
		};
		CE7AB8082CA1BEF9005DB32B /* kaizenFitnessForiPhoneUITests */ = {
			isa = PBXNativeTarget;
			buildConfigurationList = CE7AB8192CA1BEF9005DB32B /* Build configuration list for PBXNativeTarget "kaizenFitnessForiPhoneUITests" */;
			buildPhases = (
				CE7AB8052CA1BEF9005DB32B /* Sources */,
				CE7AB8062CA1BEF9005DB32B /* Frameworks */,
				CE7AB8072CA1BEF9005DB32B /* Resources */,
			);
			buildRules = (
			);
			dependencies = (
				CE7AB80B2CA1BEF9005DB32B /* PBXTargetDependency */,
			);
			fileSystemSynchronizedGroups = (
				CE7AB80C2CA1BEF9005DB32B /* kaizenFitnessForiPhoneUITests */,
			);
			name = kaizenFitnessForiPhoneUITests;
			packageProductDependencies = (
			);
			productName = kaizenFitnessForiPhoneUITests;
			productReference = CE7AB8092CA1BEF9005DB32B /* kaizenFitnessForiPhoneUITests.xctest */;
			productType = "com.apple.product-type.bundle.ui-testing";
		};
/* End PBXNativeTarget section */

/* Begin PBXProject section */
		CE7AB7E72CA1BEF8005DB32B /* Project object */ = {
			isa = PBXProject;
			attributes = {
				BuildIndependentTargetsInParallel = 1;
				LastSwiftUpdateCheck = 1600;
				LastUpgradeCheck = 1600;
				TargetAttributes = {
					CE7AB7EE2CA1BEF8005DB32B = {
						CreatedOnToolsVersion = 16.0;
					};
					CE7AB7FE2CA1BEF9005DB32B = {
						CreatedOnToolsVersion = 16.0;
						TestTargetID = CE7AB7EE2CA1BEF8005DB32B;
					};
					CE7AB8082CA1BEF9005DB32B = {
						CreatedOnToolsVersion = 16.0;
						TestTargetID = CE7AB7EE2CA1BEF8005DB32B;
					};
				};
			};
			buildConfigurationList = CE7AB7EA2CA1BEF8005DB32B /* Build configuration list for PBXProject "kaizenFitnessForiPhone" */;
			developmentRegion = en;
			hasScannedForEncodings = 0;
			knownRegions = (
				en,
				Base,
			);
			mainGroup = CE7AB7E62CA1BEF8005DB32B;
			minimizedProjectReferenceProxies = 1;
			preferredProjectObjectVersion = 77;
			productRefGroup = CE7AB7F02CA1BEF8005DB32B /* Products */;
			projectDirPath = "";
			projectRoot = "";
			targets = (
				CE7AB7EE2CA1BEF8005DB32B /* kaizenFitnessForiPhone */,
				CE7AB7FE2CA1BEF9005DB32B /* kaizenFitnessForiPhoneTests */,
				CE7AB8082CA1BEF9005DB32B /* kaizenFitnessForiPhoneUITests */,
			);
		};
/* End PBXProject section */

/* Begin PBXResourcesBuildPhase section */
		CE7AB7ED2CA1BEF8005DB32B /* Resources */ = {
			isa = PBXResourcesBuildPhase;
			buildActionMask = 2147483647;
			files = (
			);
			runOnlyForDeploymentPostprocessing = 0;
		};
		CE7AB7FD2CA1BEF9005DB32B /* Resources */ = {
			isa = PBXResourcesBuildPhase;
			buildActionMask = 2147483647;
			files = (
			);
			runOnlyForDeploymentPostprocessing = 0;
		};
		CE7AB8072CA1BEF9005DB32B /* Resources */ = {
			isa = PBXResourcesBuildPhase;
			buildActionMask = 2147483647;
			files = (
			);
			runOnlyForDeploymentPostprocessing = 0;
		};
/* End PBXResourcesBuildPhase section */

/* Begin PBXSourcesBuildPhase section */
		CE7AB7EB2CA1BEF8005DB32B /* Sources */ = {
			isa = PBXSourcesBuildPhase;
			buildActionMask = 2147483647;
			files = (
			);
			runOnlyForDeploymentPostprocessing = 0;
		};
		CE7AB7FB2CA1BEF9005DB32B /* Sources */ = {
			isa = PBXSourcesBuildPhase;
			buildActionMask = 2147483647;
			files = (
			);
			runOnlyForDeploymentPostprocessing = 0;
		};
		CE7AB8052CA1BEF9005DB32B /* Sources */ = {
			isa = PBXSourcesBuildPhase;
			buildActionMask = 2147483647;
			files = (
			);
			runOnlyForDeploymentPostprocessing = 0;
		};
/* End PBXSourcesBuildPhase section */

/* Begin PBXTargetDependency section */
		CE7AB8012CA1BEF9005DB32B /* PBXTargetDependency */ = {
			isa = PBXTargetDependency;
			target = CE7AB7EE2CA1BEF8005DB32B /* kaizenFitnessForiPhone */;
			targetProxy = CE7AB8002CA1BEF9005DB32B /* PBXContainerItemProxy */;
		};
		CE7AB80B2CA1BEF9005DB32B /* PBXTargetDependency */ = {
			isa = PBXTargetDependency;
			target = CE7AB7EE2CA1BEF8005DB32B /* kaizenFitnessForiPhone */;
			targetProxy = CE7AB80A2CA1BEF9005DB32B /* PBXContainerItemProxy */;
		};
/* End PBXTargetDependency section */

/* Begin XCBuildConfiguration section */
		CE7AB8112CA1BEF9005DB32B /* Debug */ = {
			isa = XCBuildConfiguration;
			buildSettings = {
				ALWAYS_SEARCH_USER_PATHS = NO;
				ASSETCATALOG_COMPILER_GENERATE_SWIFT_ASSET_SYMBOL_EXTENSIONS = YES;
				CLANG_ANALYZER_NONNULL = YES;
				CLANG_ANALYZER_NUMBER_OBJECT_CONVERSION = YES_AGGRESSIVE;
				CLANG_CXX_LANGUAGE_STANDARD = "gnu++20";
				CLANG_ENABLE_MODULES = YES;
				CLANG_ENABLE_OBJC_ARC = YES;
				CLANG_ENABLE_OBJC_WEAK = YES;
				CLANG_WARN_BLOCK_CAPTURE_AUTORELEASING = YES;
				CLANG_WARN_BOOL_CONVERSION = YES;
				CLANG_WARN_COMMA = YES;
				CLANG_WARN_CONSTANT_CONVERSION = YES;
				CLANG_WARN_DEPRECATED_OBJC_IMPLEMENTATIONS = YES;
				CLANG_WARN_DIRECT_OBJC_ISA_USAGE = YES_ERROR;
				CLANG_WARN_DOCUMENTATION_COMMENTS = YES;
				CLANG_WARN_EMPTY_BODY = YES;
				CLANG_WARN_ENUM_CONVERSION = YES;
				CLANG_WARN_INFINITE_RECURSION = YES;
				CLANG_WARN_INT_CONVERSION = YES;
				CLANG_WARN_NON_LITERAL_NULL_CONVERSION = YES;
				CLANG_WARN_OBJC_IMPLICIT_RETAIN_SELF = YES;
				CLANG_WARN_OBJC_LITERAL_CONVERSION = YES;
				CLANG_WARN_OBJC_ROOT_CLASS = YES_ERROR;
				CLANG_WARN_QUOTED_INCLUDE_IN_FRAMEWORK_HEADER = YES;
				CLANG_WARN_RANGE_LOOP_ANALYSIS = YES;
				CLANG_WARN_STRICT_PROTOTYPES = YES;
				CLANG_WARN_SUSPICIOUS_MOVE = YES;
				CLANG_WARN_UNGUARDED_AVAILABILITY = YES_AGGRESSIVE;
				CLANG_WARN_UNREACHABLE_CODE = YES;
				CLANG_WARN__DUPLICATE_METHOD_MATCH = YES;
				COPY_PHASE_STRIP = NO;
				DEBUG_INFORMATION_FORMAT = dwarf;
				ENABLE_STRICT_OBJC_MSGSEND = YES;
				ENABLE_TESTABILITY = YES;
				ENABLE_USER_SCRIPT_SANDBOXING = YES;
				GCC_C_LANGUAGE_STANDARD = gnu17;
				GCC_DYNAMIC_NO_PIC = NO;
				GCC_NO_COMMON_BLOCKS = YES;
				GCC_OPTIMIZATION_LEVEL = 0;
				GCC_PREPROCESSOR_DEFINITIONS = (
					"DEBUG=1",
					"$(inherited)",
				);
				GCC_WARN_64_TO_32_BIT_CONVERSION = YES;
				GCC_WARN_ABOUT_RETURN_TYPE = YES_ERROR;
				GCC_WARN_UNDECLARED_SELECTOR = YES;
				GCC_WARN_UNINITIALIZED_AUTOS = YES_AGGRESSIVE;
				GCC_WARN_UNUSED_FUNCTION = YES;
				GCC_WARN_UNUSED_VARIABLE = YES;
				IPHONEOS_DEPLOYMENT_TARGET = 18.0;
				LOCALIZATION_PREFERS_STRING_CATALOGS = YES;
				MTL_ENABLE_DEBUG_INFO = INCLUDE_SOURCE;
				MTL_FAST_MATH = YES;
				ONLY_ACTIVE_ARCH = YES;
				SDKROOT = iphoneos;
				SWIFT_ACTIVE_COMPILATION_CONDITIONS = "DEBUG $(inherited)";
				SWIFT_OPTIMIZATION_LEVEL = "-Onone";
			};
			name = Debug;
		};
		CE7AB8122CA1BEF9005DB32B /* Release */ = {
			isa = XCBuildConfiguration;
			buildSettings = {
				ALWAYS_SEARCH_USER_PATHS = NO;
				ASSETCATALOG_COMPILER_GENERATE_SWIFT_ASSET_SYMBOL_EXTENSIONS = YES;
				CLANG_ANALYZER_NONNULL = YES;
				CLANG_ANALYZER_NUMBER_OBJECT_CONVERSION = YES_AGGRESSIVE;
				CLANG_CXX_LANGUAGE_STANDARD = "gnu++20";
				CLANG_ENABLE_MODULES = YES;
				CLANG_ENABLE_OBJC_ARC = YES;
				CLANG_ENABLE_OBJC_WEAK = YES;
				CLANG_WARN_BLOCK_CAPTURE_AUTORELEASING = YES;
				CLANG_WARN_BOOL_CONVERSION = YES;
				CLANG_WARN_COMMA = YES;
				CLANG_WARN_CONSTANT_CONVERSION = YES;
				CLANG_WARN_DEPRECATED_OBJC_IMPLEMENTATIONS = YES;
				CLANG_WARN_DIRECT_OBJC_ISA_USAGE = YES_ERROR;
				CLANG_WARN_DOCUMENTATION_COMMENTS = YES;
				CLANG_WARN_EMPTY_BODY = YES;
				CLANG_WARN_ENUM_CONVERSION = YES;
				CLANG_WARN_INFINITE_RECURSION = YES;
				CLANG_WARN_INT_CONVERSION = YES;
				CLANG_WARN_NON_LITERAL_NULL_CONVERSION = YES;
				CLANG_WARN_OBJC_IMPLICIT_RETAIN_SELF = YES;
				CLANG_WARN_OBJC_LITERAL_CONVERSION = YES;
				CLANG_WARN_OBJC_ROOT_CLASS = YES_ERROR;
				CLANG_WARN_QUOTED_INCLUDE_IN_FRAMEWORK_HEADER = YES;
				CLANG_WARN_RANGE_LOOP_ANALYSIS = YES;
				CLANG_WARN_STRICT_PROTOTYPES = YES;
				CLANG_WARN_SUSPICIOUS_MOVE = YES;
				CLANG_WARN_UNGUARDED_AVAILABILITY = YES_AGGRESSIVE;
				CLANG_WARN_UNREACHABLE_CODE = YES;
				CLANG_WARN__DUPLICATE_METHOD_MATCH = YES;
				COPY_PHASE_STRIP = NO;
				DEBUG_INFORMATION_FORMAT = "dwarf-with-dsym";
				ENABLE_NS_ASSERTIONS = NO;
				ENABLE_STRICT_OBJC_MSGSEND = YES;
				ENABLE_USER_SCRIPT_SANDBOXING = YES;
				GCC_C_LANGUAGE_STANDARD = gnu17;
				GCC_NO_COMMON_BLOCKS = YES;
				GCC_WARN_64_TO_32_BIT_CONVERSION = YES;
				GCC_WARN_ABOUT_RETURN_TYPE = YES_ERROR;
				GCC_WARN_UNDECLARED_SELECTOR = YES;
				GCC_WARN_UNINITIALIZED_AUTOS = YES_AGGRESSIVE;
				GCC_WARN_UNUSED_FUNCTION = YES;
				GCC_WARN_UNUSED_VARIABLE = YES;
				IPHONEOS_DEPLOYMENT_TARGET = 18.0;
				LOCALIZATION_PREFERS_STRING_CATALOGS = YES;
				MTL_ENABLE_DEBUG_INFO = NO;
				MTL_FAST_MATH = YES;
				SDKROOT = iphoneos;
				SWIFT_COMPILATION_MODE = wholemodule;
				VALIDATE_PRODUCT = YES;
			};
			name = Release;
		};
		CE7AB8142CA1BEF9005DB32B /* Debug */ = {
			isa = XCBuildConfiguration;
			buildSettings = {
				ASSETCATALOG_COMPILER_APPICON_NAME = AppIcon;
				ASSETCATALOG_COMPILER_GLOBAL_ACCENT_COLOR_NAME = AccentColor;
				CODE_SIGN_STYLE = Automatic;
				CURRENT_PROJECT_VERSION = 1;
				DEVELOPMENT_ASSET_PATHS = "\"kaizenFitnessForiPhone/Preview Content\"";
				DEVELOPMENT_TEAM = LANULV72W5;
				ENABLE_PREVIEWS = YES;
				GENERATE_INFOPLIST_FILE = YES;
				INFOPLIST_KEY_UIApplicationSceneManifest_Generation = YES;
				INFOPLIST_KEY_UIApplicationSupportsIndirectInputEvents = YES;
				INFOPLIST_KEY_UILaunchScreen_Generation = YES;
				INFOPLIST_KEY_UISupportedInterfaceOrientations_iPad = "UIInterfaceOrientationPortrait UIInterfaceOrientationPortraitUpsideDown UIInterfaceOrientationLandscapeLeft UIInterfaceOrientationLandscapeRight";
				INFOPLIST_KEY_UISupportedInterfaceOrientations_iPhone = "UIInterfaceOrientationPortrait UIInterfaceOrientationLandscapeLeft UIInterfaceOrientationLandscapeRight";
				LD_RUNPATH_SEARCH_PATHS = (
					"$(inherited)",
					"@executable_path/Frameworks",
				);
				MARKETING_VERSION = 1.0;
				PRODUCT_BUNDLE_IDENTIFIER = com.takutaku.SwiftApp.kaizenFitnessForiPhone;
				PRODUCT_NAME = "$(TARGET_NAME)";
				SWIFT_EMIT_LOC_STRINGS = YES;
				SWIFT_VERSION = 5.0;
				TARGETED_DEVICE_FAMILY = "1,2";
			};
			name = Debug;
		};
		CE7AB8152CA1BEF9005DB32B /* Release */ = {
			isa = XCBuildConfiguration;
			buildSettings = {
				ASSETCATALOG_COMPILER_APPICON_NAME = AppIcon;
				ASSETCATALOG_COMPILER_GLOBAL_ACCENT_COLOR_NAME = AccentColor;
				CODE_SIGN_STYLE = Automatic;
				CURRENT_PROJECT_VERSION = 1;
				DEVELOPMENT_ASSET_PATHS = "\"kaizenFitnessForiPhone/Preview Content\"";
				DEVELOPMENT_TEAM = LANULV72W5;
				ENABLE_PREVIEWS = YES;
				GENERATE_INFOPLIST_FILE = YES;
				INFOPLIST_KEY_UIApplicationSceneManifest_Generation = YES;
				INFOPLIST_KEY_UIApplicationSupportsIndirectInputEvents = YES;
				INFOPLIST_KEY_UILaunchScreen_Generation = YES;
				INFOPLIST_KEY_UISupportedInterfaceOrientations_iPad = "UIInterfaceOrientationPortrait UIInterfaceOrientationPortraitUpsideDown UIInterfaceOrientationLandscapeLeft UIInterfaceOrientationLandscapeRight";
				INFOPLIST_KEY_UISupportedInterfaceOrientations_iPhone = "UIInterfaceOrientationPortrait UIInterfaceOrientationLandscapeLeft UIInterfaceOrientationLandscapeRight";
				LD_RUNPATH_SEARCH_PATHS = (
					"$(inherited)",
					"@executable_path/Frameworks",
				);
				MARKETING_VERSION = 1.0;
				PRODUCT_BUNDLE_IDENTIFIER = com.takutaku.SwiftApp.kaizenFitnessForiPhone;
				PRODUCT_NAME = "$(TARGET_NAME)";
				SWIFT_EMIT_LOC_STRINGS = YES;
				SWIFT_VERSION = 5.0;
				TARGETED_DEVICE_FAMILY = "1,2";
			};
			name = Release;
		};
		CE7AB8172CA1BEF9005DB32B /* Debug */ = {
			isa = XCBuildConfiguration;
			buildSettings = {
				BUNDLE_LOADER = "$(TEST_HOST)";
				CODE_SIGN_STYLE = Automatic;
				CURRENT_PROJECT_VERSION = 1;
				DEVELOPMENT_TEAM = LANULV72W5;
				GENERATE_INFOPLIST_FILE = YES;
				IPHONEOS_DEPLOYMENT_TARGET = 18.0;
				MARKETING_VERSION = 1.0;
				PRODUCT_BUNDLE_IDENTIFIER = com.takutaku.SwiftApp.kaizenFitnessForiPhoneTests;
				PRODUCT_NAME = "$(TARGET_NAME)";
				SWIFT_EMIT_LOC_STRINGS = NO;
				SWIFT_VERSION = 5.0;
				TARGETED_DEVICE_FAMILY = "1,2";
				TEST_HOST = "$(BUILT_PRODUCTS_DIR)/kaizenFitnessForiPhone.app/$(BUNDLE_EXECUTABLE_FOLDER_PATH)/kaizenFitnessForiPhone";
			};
			name = Debug;
		};
		CE7AB8182CA1BEF9005DB32B /* Release */ = {
			isa = XCBuildConfiguration;
			buildSettings = {
				BUNDLE_LOADER = "$(TEST_HOST)";
				CODE_SIGN_STYLE = Automatic;
				CURRENT_PROJECT_VERSION = 1;
				DEVELOPMENT_TEAM = LANULV72W5;
				GENERATE_INFOPLIST_FILE = YES;
				IPHONEOS_DEPLOYMENT_TARGET = 18.0;
				MARKETING_VERSION = 1.0;
				PRODUCT_BUNDLE_IDENTIFIER = com.takutaku.SwiftApp.kaizenFitnessForiPhoneTests;
				PRODUCT_NAME = "$(TARGET_NAME)";
				SWIFT_EMIT_LOC_STRINGS = NO;
				SWIFT_VERSION = 5.0;
				TARGETED_DEVICE_FAMILY = "1,2";
				TEST_HOST = "$(BUILT_PRODUCTS_DIR)/kaizenFitnessForiPhone.app/$(BUNDLE_EXECUTABLE_FOLDER_PATH)/kaizenFitnessForiPhone";
			};
			name = Release;
		};
		CE7AB81A2CA1BEF9005DB32B /* Debug */ = {
			isa = XCBuildConfiguration;
			buildSettings = {
				CODE_SIGN_STYLE = Automatic;
				CURRENT_PROJECT_VERSION = 1;
				DEVELOPMENT_TEAM = LANULV72W5;
				GENERATE_INFOPLIST_FILE = YES;
				MARKETING_VERSION = 1.0;
				PRODUCT_BUNDLE_IDENTIFIER = com.takutaku.SwiftApp.kaizenFitnessForiPhoneUITests;
				PRODUCT_NAME = "$(TARGET_NAME)";
				SWIFT_EMIT_LOC_STRINGS = NO;
				SWIFT_VERSION = 5.0;
				TARGETED_DEVICE_FAMILY = "1,2";
				TEST_TARGET_NAME = kaizenFitnessForiPhone;
			};
			name = Debug;
		};
		CE7AB81B2CA1BEF9005DB32B /* Release */ = {
			isa = XCBuildConfiguration;
			buildSettings = {
				CODE_SIGN_STYLE = Automatic;
				CURRENT_PROJECT_VERSION = 1;
				DEVELOPMENT_TEAM = LANULV72W5;
				GENERATE_INFOPLIST_FILE = YES;
				MARKETING_VERSION = 1.0;
				PRODUCT_BUNDLE_IDENTIFIER = com.takutaku.SwiftApp.kaizenFitnessForiPhoneUITests;
				PRODUCT_NAME = "$(TARGET_NAME)";
				SWIFT_EMIT_LOC_STRINGS = NO;
				SWIFT_VERSION = 5.0;
				TARGETED_DEVICE_FAMILY = "1,2";
				TEST_TARGET_NAME = kaizenFitnessForiPhone;
			};
			name = Release;
		};
/* End XCBuildConfiguration section */

/* Begin XCConfigurationList section */
		CE7AB7EA2CA1BEF8005DB32B /* Build configuration list for PBXProject "kaizenFitnessForiPhone" */ = {
			isa = XCConfigurationList;
			buildConfigurations = (
				CE7AB8112CA1BEF9005DB32B /* Debug */,
				CE7AB8122CA1BEF9005DB32B /* Release */,
			);
			defaultConfigurationIsVisible = 0;
			defaultConfigurationName = Release;
		};
		CE7AB8132CA1BEF9005DB32B /* Build configuration list for PBXNativeTarget "kaizenFitnessForiPhone" */ = {
			isa = XCConfigurationList;
			buildConfigurations = (
				CE7AB8142CA1BEF9005DB32B /* Debug */,
				CE7AB8152CA1BEF9005DB32B /* Release */,
			);
			defaultConfigurationIsVisible = 0;
			defaultConfigurationName = Release;
		};
		CE7AB8162CA1BEF9005DB32B /* Build configuration list for PBXNativeTarget "kaizenFitnessForiPhoneTests" */ = {
			isa = XCConfigurationList;
			buildConfigurations = (
				CE7AB8172CA1BEF9005DB32B /* Debug */,
				CE7AB8182CA1BEF9005DB32B /* Release */,
			);
			defaultConfigurationIsVisible = 0;
			defaultConfigurationName = Release;
		};
		CE7AB8192CA1BEF9005DB32B /* Build configuration list for PBXNativeTarget "kaizenFitnessForiPhoneUITests" */ = {
			isa = XCConfigurationList;
			buildConfigurations = (
				CE7AB81A2CA1BEF9005DB32B /* Debug */,
				CE7AB81B2CA1BEF9005DB32B /* Release */,
			);
			defaultConfigurationIsVisible = 0;
			defaultConfigurationName = Release;
		};
/* End XCConfigurationList section */
	};
	rootObject = CE7AB7E72CA1BEF8005DB32B /* Project object */;
}
